
Microsoft Visual Studio Solution File, Format Version 12.00
# Visual Studio Version 17
VisualStudioVersion = 17.4.33205.214
MinimumVisualStudioVersion = 10.0.40219.1
Project("{FAE04EC0-301F-11D3-BF4B-00C04F79EFBC}") = "MailSystem", "MailSystem\MailSystem.csproj", "{76F27F98-4760-439D-A67B-DE6F028C63BE}"
EndProject
Global
	GlobalSection(SolutionConfigurationPlatforms) = preSolution
		Debug|Any CPU = Debug|Any CPU
		Release|Any CPU = Release|Any CPU
	EndGlobalSection
	GlobalSection(ProjectConfigurationPlatforms) = postSolution
		{76F27F98-4760-439D-A67B-DE6F028C63BE}.Debug|Any CPU.ActiveCfg = Debug|Any CPU
		{76F27F98-4760-439D-A67B-DE6F028C63BE}.Debug|Any CPU.Build.0 = Debug|Any CPU
		{76F27F98-4760-439D-A67B-DE6F028C63BE}.Release|Any CPU.ActiveCfg = Release|Any CPU
		{76F27F98-4760-439D-A67B-DE6F028C63BE}.Release|Any CPU.Build.0 = Release|Any CPU
	EndGlobalSection
	GlobalSection(SolutionProperties) = preSolution
		HideSolutionNode = FALSE
	EndGlobalSection
	GlobalSection(ExtensibilityGlobals) = postSolution
		SolutionGuid = {B7357114-983F-49D1-81D8-CA7CD6C91803}
	EndGlobalSection
EndGlobal
